{
    "name": "cardinal-updater",
    "version": "0.0.1",
    "lockfileVersion": 1,
    "requires": true,
    "dependencies": {
        "ansi-colors": {
            "version": "1.1.0",
            "resolved": "https://registry.npmjs.org/ansi-colors/-/ansi-colors-1.1.0.tgz",
            "integrity": "sha512-SFKX67auSNoVR38N3L+nvsPjOE0bybKTYbkf5tRvushrAPQ9V75huw0ZxBkKVeRU9kqH3d6HA4xTckbwZ4ixmA==",
            "requires": {
                "ansi-wrap": "^0.1.0"
            }
        },
        "ansi-gray": {
            "version": "0.1.1",
            "resolved": "https://registry.npmjs.org/ansi-gray/-/ansi-gray-0.1.1.tgz",
            "integrity": "sha1-KWLPVOyXksSFEKPetSRDaGHvclE=",
            "requires": {
                "ansi-wrap": "0.1.0"
            }
        },
        "ansi-wrap": {
            "version": "0.1.0",
            "resolved": "https://registry.npmjs.org/ansi-wrap/-/ansi-wrap-0.1.0.tgz",
            "integrity": "sha1-qCJQ3bABXponyoLoLqYDu/pF768="
        },
        "any-shell-escape": {
            "version": "0.1.1",
            "resolved": "https://registry.npmjs.org/any-shell-escape/-/any-shell-escape-0.1.1.tgz",
            "integrity": "sha1-1Vq5ciRMcaml4asIefML8RCAaVk="
        },
        "arr-diff": {
            "version": "4.0.0",
            "resolved": "https://registry.npmjs.org/arr-diff/-/arr-diff-4.0.0.tgz",
            "integrity": "sha1-1kYQdP6/7HHn4VI1dhoyml3HxSA="
        },
        "arr-union": {
            "version": "3.1.0",
            "resolved": "https://registry.npmjs.org/arr-union/-/arr-union-3.1.0.tgz",
            "integrity": "sha1-45sJrqne+Gao8gbiiK9jkZuuOcQ="
        },
        "assign-symbols": {
            "version": "1.0.0",
            "resolved": "https://registry.npmjs.org/assign-symbols/-/assign-symbols-1.0.0.tgz",
            "integrity": "sha1-WWZ/QfrdTyDMvCu5a41Pf3jsA2c="
        },
        "babel-plugin-transform-runtime": {
            "version": "6.15.0",
            "resolved": "https://registry.npmjs.org/babel-plugin-transform-runtime/-/babel-plugin-transform-runtime-6.15.0.tgz",
            "integrity": "sha1-PXW02Umtga8VdXAnOEb7Wa6w1Xw=",
            "requires": {
                "babel-runtime": "^6.9.0"
            }
        },
        "babel-runtime": {
            "version": "6.26.0",
            "resolved": "https://registry.npmjs.org/babel-runtime/-/babel-runtime-6.26.0.tgz",
            "integrity": "sha1-llxwWGaOgrVde/4E/yM3vItWR/4=",
            "requires": {
                "core-js": "^2.4.0",
                "regenerator-runtime": "^0.11.0"
            }
        },
        "chownr": {
            "version": "1.1.3",
            "resolved": "https://registry.npmjs.org/chownr/-/chownr-1.1.3.tgz",
            "integrity": "sha512-i70fVHhmV3DtTl6nqvZOnIjbY0Pe4kAUjwHj8z0zAdgBtYrJyYwLKCCuRBQ5ppkyL0AkN7HKRnETdmdp1zqNXw=="
        },
        "clone": {
            "version": "2.1.2",
            "resolved": "https://registry.npmjs.org/clone/-/clone-2.1.2.tgz",
            "integrity": "sha1-G39Ln1kfHo+DZwQBYANFoCiHQ18="
        },
        "clone-buffer": {
            "version": "1.0.0",
            "resolved": "https://registry.npmjs.org/clone-buffer/-/clone-buffer-1.0.0.tgz",
            "integrity": "sha1-4+JbIHrE5wGvch4staFnksrD3Fg="
        },
        "clone-stats": {
            "version": "1.0.0",
            "resolved": "https://registry.npmjs.org/clone-stats/-/clone-stats-1.0.0.tgz",
            "integrity": "sha1-s3gt/4u1R04Yuba/D9/ngvh3doA="
        },
        "cloneable-readable": {
            "version": "1.1.3",
            "resolved": "https://registry.npmjs.org/cloneable-readable/-/cloneable-readable-1.1.3.tgz",
            "integrity": "sha512-2EF8zTQOxYq70Y4XKtorQupqF0m49MBz2/yf5Bj+MHjvpG3Hy7sImifnqD6UA+TKYxeSV+u6qqQPawN5UvnpKQ==",
            "requires": {
                "inherits": "^2.0.1",
                "process-nextick-args": "^2.0.0",
                "readable-stream": "^2.3.5"
            }
        },
        "color-support": {
            "version": "1.1.3",
            "resolved": "https://registry.npmjs.org/color-support/-/color-support-1.1.3.tgz",
            "integrity": "sha512-qiBjkpbMLO/HL68y+lh4q0/O1MZFj2RX6X/KmMa3+gJD3z+WwI1ZzDHysvqHGS3mP6mznPckpXmw1nI9cJjyRg=="
        },
        "commander": {
            "version": "2.15.1",
            "resolved": "https://registry.npmjs.org/commander/-/commander-2.15.1.tgz",
            "integrity": "sha512-VlfT9F3V0v+jr4yxPc5gg9s62/fIVWsd2Bk2iD435um1NlGMYdVCq+MjcXnhYq2icNOizHr1kK+5TI6H0Hy0ag=="
        },
        "core-js": {
            "version": "2.6.11",
            "resolved": "https://registry.npmjs.org/core-js/-/core-js-2.6.11.tgz",
            "integrity": "sha512-5wjnpaT/3dV+XB4borEsnAYQchn00XSgTAWKDkEqv+K8KevjbzmofK6hfJ9TZIlpj2N0xQpazy7PiRQiWHqzWg=="
        },
        "core-util-is": {
            "version": "1.0.2",
            "resolved": "https://registry.npmjs.org/core-util-is/-/core-util-is-1.0.2.tgz",
            "integrity": "sha1-tf1UIgqivFq1eqtxQMlAdUUDwac="
        },
        "cross-spawn": {
            "version": "4.0.0",
            "resolved": "https://registry.npmjs.org/cross-spawn/-/cross-spawn-4.0.0.tgz",
            "integrity": "sha1-glR3SrR4a4xbPPTfumbOVjkywlI=",
            "requires": {
                "lru-cache": "^4.0.1",
                "which": "^1.2.9"
            }
        },
        "extend-shallow": {
            "version": "3.0.2",
            "resolved": "https://registry.npmjs.org/extend-shallow/-/extend-shallow-3.0.2.tgz",
            "integrity": "sha1-Jqcarwc7OfshJxcnRhMcJwQCjbg=",
            "requires": {
                "assign-symbols": "^1.0.0",
                "is-extendable": "^1.0.1"
            },
            "dependencies": {
                "is-extendable": {
                    "version": "1.0.1",
                    "resolved": "https://registry.npmjs.org/is-extendable/-/is-extendable-1.0.1.tgz",
                    "integrity": "sha512-arnXMxT1hhoKo9k1LZdmlNyJdDDfy2v0fXjFlmok4+i8ul/6WlbVge9bhM74OpNPQPMGUToDtz+KXa1PneJxOA==",
                    "requires": {
                        "is-plain-object": "^2.0.4"
                    }
                }
            }
        },
        "fancy-log": {
            "version": "1.3.3",
            "resolved": "https://registry.npmjs.org/fancy-log/-/fancy-log-1.3.3.tgz",
            "integrity": "sha512-k9oEhlyc0FrVh25qYuSELjr8oxsCoc4/LEZfg2iJJrfEk/tZL9bCoJE47gqAvI2m/AUjluCS4+3I0eTx8n3AEw==",
            "requires": {
                "ansi-gray": "^0.1.1",
                "color-support": "^1.1.3",
                "parse-node-version": "^1.0.0",
                "time-stamp": "^1.0.0"
            }
        },
        "first-chunk-stream": {
            "version": "2.0.0",
            "resolved": "https://registry.npmjs.org/first-chunk-stream/-/first-chunk-stream-2.0.0.tgz",
            "integrity": "sha1-G97NuOCDwGZLkZRVgVd6Q6nzHXA=",
            "requires": {
                "readable-stream": "^2.0.2"
            }
        },
        "fs-minipass": {
            "version": "2.0.0",
            "resolved": "https://registry.npmjs.org/fs-minipass/-/fs-minipass-2.0.0.tgz",
            "integrity": "sha512-40Qz+LFXmd9tzYVnnBmZvFfvAADfUA14TXPK1s7IfElJTIZ97rA8w4Kin7Wt5JBrC3ShnnFJO/5vPjPEeJIq9A==",
            "requires": {
                "minipass": "^3.0.0"
            }
        },
        "gulp-git": {
            "version": "2.10.0",
            "resolved": "https://registry.npmjs.org/gulp-git/-/gulp-git-2.10.0.tgz",
            "integrity": "sha512-AYh0xXpKdDYS+ftCuyF9+LFXoltjtFlpfKITTCKDI0LunztpwVuHFtp31SvRSFVZikvRHTHUGMZ9Z0TnXjDIxQ==",
            "requires": {
                "any-shell-escape": "^0.1.1",
                "fancy-log": "^1.3.2",
                "lodash.template": "^4.4.0",
                "plugin-error": "^1.0.1",
                "require-dir": "^1.0.0",
                "strip-bom-stream": "^3.0.0",
                "through2": "^2.0.3",
                "vinyl": "^2.0.1"
            }
        },
        "gulp-run-command": {
            "version": "0.0.10",
            "resolved": "https://registry.npmjs.org/gulp-run-command/-/gulp-run-command-0.0.10.tgz",
            "integrity": "sha512-i6o4XRqoadZB2doWCqkrCe7FmFwqPZ0Fxx74FGt83/KT5wKRRaKiFh598W64HE0Br9es6Oyq+nA+/AWbCfeSYQ==",
            "requires": {
                "babel-plugin-transform-runtime": "6.15.0",
                "cross-spawn": "4.0.0",
                "spawn-args": "0.2.0",
                "timeout-as-promise": "^1.0.0"
            }
        },
        "inherits": {
            "version": "2.0.4",
            "resolved": "https://registry.npmjs.org/inherits/-/inherits-2.0.4.tgz",
            "integrity": "sha512-k/vGaX4/Yla3WzyMCvTQOXYeIHvqOKtnqBduzTHpzpQZzAskKMhZ2K+EnBiSM9zGSoIFeMpXKxa4dYeZIQqewQ=="
        },
        "is-plain-object": {
            "version": "2.0.4",
            "resolved": "https://registry.npmjs.org/is-plain-object/-/is-plain-object-2.0.4.tgz",
            "integrity": "sha512-h5PpgXkWitc38BBMYawTYMWJHFZJVnBquFE57xFpjB8pJFiF6gZ+bU+WyI/yqXiFR5mdLsgYNaPe8uao6Uv9Og==",
            "requires": {
                "isobject": "^3.0.1"
            }
        },
        "is-utf8": {
            "version": "0.2.1",
            "resolved": "https://registry.npmjs.org/is-utf8/-/is-utf8-0.2.1.tgz",
            "integrity": "sha1-Sw2hRCEE0bM2NA6AeX6GXPOffXI="
        },
        "isarray": {
            "version": "1.0.0",
            "resolved": "https://registry.npmjs.org/isarray/-/isarray-1.0.0.tgz",
            "integrity": "sha1-u5NdSFgsuhaMBoNJV6VKPgcSTxE="
        },
        "isexe": {
            "version": "2.0.0",
            "resolved": "https://registry.npmjs.org/isexe/-/isexe-2.0.0.tgz",
            "integrity": "sha1-6PvzdNxVb/iUehDcsFctYz8s+hA="
        },
        "isobject": {
            "version": "3.0.1",
            "resolved": "https://registry.npmjs.org/isobject/-/isobject-3.0.1.tgz",
            "integrity": "sha1-TkMekrEalzFjaqH5yNHMvP2reN8="
        },
        "lodash._reinterpolate": {
            "version": "3.0.0",
            "resolved": "https://registry.npmjs.org/lodash._reinterpolate/-/lodash._reinterpolate-3.0.0.tgz",
            "integrity": "sha1-DM8tiRZq8Ds2Y8eWU4t1rG4RTZ0="
        },
        "lodash.template": {
            "version": "4.5.0",
            "resolved": "https://registry.npmjs.org/lodash.template/-/lodash.template-4.5.0.tgz",
            "integrity": "sha512-84vYFxIkmidUiFxidA/KjjH9pAycqW+h980j7Fuz5qxRtO9pgB7MDFTdys1N7A5mcucRiDyEq4fusljItR1T/A==",
            "requires": {
                "lodash._reinterpolate": "^3.0.0",
                "lodash.templatesettings": "^4.0.0"
            }
        },
        "lodash.templatesettings": {
            "version": "4.2.0",
            "resolved": "https://registry.npmjs.org/lodash.templatesettings/-/lodash.templatesettings-4.2.0.tgz",
            "integrity": "sha512-stgLz+i3Aa9mZgnjr/O+v9ruKZsPsndy7qPZOchbqk2cnTU1ZaldKK+v7m54WoKIyxiuMZTKT2H81F8BeAc3ZQ==",
            "requires": {
                "lodash._reinterpolate": "^3.0.0"
            }
        },
        "lru-cache": {
            "version": "4.1.5",
            "resolved": "https://registry.npmjs.org/lru-cache/-/lru-cache-4.1.5.tgz",
            "integrity": "sha512-sWZlbEP2OsHNkXrMl5GYk/jKk70MBng6UU4YI/qGDYbgf6YbP4EvmqISbXCoJiRKs+1bSpFHVgQxvJ17F2li5g==",
            "requires": {
                "pseudomap": "^1.0.2",
                "yallist": "^2.1.2"
            }
        },
        "minimist": {
            "version": "0.0.8",
            "resolved": "https://registry.npmjs.org/minimist/-/minimist-0.0.8.tgz",
            "integrity": "sha1-hX/Kv8M5fSYluCKCYuhqp6ARsF0="
        },
        "minipass": {
            "version": "3.1.1",
            "resolved": "https://registry.npmjs.org/minipass/-/minipass-3.1.1.tgz",
            "integrity": "sha512-UFqVihv6PQgwj8/yTGvl9kPz7xIAY+R5z6XYjRInD3Gk3qx6QGSD6zEcpeG4Dy/lQnv1J6zv8ejV90hyYIKf3w==",
            "requires": {
                "yallist": "^4.0.0"
            },
            "dependencies": {
                "yallist": {
                    "version": "4.0.0",
                    "resolved": "https://registry.npmjs.org/yallist/-/yallist-4.0.0.tgz",
                    "integrity": "sha512-3wdGidZyq5PB084XLES5TpOSRA3wjXAlIWMhum2kRcv/41Sn2emQ0dycQW4uZXLejwKvg6EsvbdlVL+FYEct7A=="
                }
            }
        },
        "minizlib": {
            "version": "2.1.0",
            "resolved": "https://registry.npmjs.org/minizlib/-/minizlib-2.1.0.tgz",
            "integrity": "sha512-EzTZN/fjSvifSX0SlqUERCN39o6T40AMarPbv0MrarSFtIITCBh7bi+dU8nxGFHuqs9jdIAeoYoKuQAAASsPPA==",
            "requires": {
                "minipass": "^3.0.0",
                "yallist": "^4.0.0"
            },
            "dependencies": {
                "yallist": {
                    "version": "4.0.0",
                    "resolved": "https://registry.npmjs.org/yallist/-/yallist-4.0.0.tgz",
                    "integrity": "sha512-3wdGidZyq5PB084XLES5TpOSRA3wjXAlIWMhum2kRcv/41Sn2emQ0dycQW4uZXLejwKvg6EsvbdlVL+FYEct7A=="
                }
            }
        },
        "mkdirp": {
            "version": "0.5.1",
            "resolved": "https://registry.npmjs.org/mkdirp/-/mkdirp-0.5.1.tgz",
            "integrity": "sha1-MAV0OOrGz3+MR2fzhkjWaX11yQM=",
            "requires": {
                "minimist": "0.0.8"
            }
        },
        "parse-node-version": {
            "version": "1.0.1",
            "resolved": "https://registry.npmjs.org/parse-node-version/-/parse-node-version-1.0.1.tgz",
            "integrity": "sha512-3YHlOa/JgH6Mnpr05jP9eDG254US9ek25LyIxZlDItp2iJtwyaXQb57lBYLdT3MowkUFYEV2XXNAYIPlESvJlA=="
        },
        "plugin-error": {
            "version": "1.0.1",
            "resolved": "https://registry.npmjs.org/plugin-error/-/plugin-error-1.0.1.tgz",
            "integrity": "sha512-L1zP0dk7vGweZME2i+EeakvUNqSrdiI3F91TwEoYiGrAfUXmVv6fJIq4g82PAXxNsWOp0J7ZqQy/3Szz0ajTxA==",
            "requires": {
                "ansi-colors": "^1.0.1",
                "arr-diff": "^4.0.0",
                "arr-union": "^3.1.0",
                "extend-shallow": "^3.0.2"
            }
        },
        "process-nextick-args": {
            "version": "2.0.1",
            "resolved": "https://registry.npmjs.org/process-nextick-args/-/process-nextick-args-2.0.1.tgz",
            "integrity": "sha512-3ouUOpQhtgrbOa17J7+uxOTpITYWaGP7/AhoR3+A+/1e9skrzelGi/dXzEYyvbxubEF6Wn2ypscTKiKJFFn1ag=="
        },
        "pseudomap": {
            "version": "1.0.2",
            "resolved": "https://registry.npmjs.org/pseudomap/-/pseudomap-1.0.2.tgz",
            "integrity": "sha1-8FKijacOYYkX7wqKw0wa5aaChrM="
        },
        "readable-stream": {
            "version": "2.3.6",
            "resolved": "https://registry.npmjs.org/readable-stream/-/readable-stream-2.3.6.tgz",
            "integrity": "sha512-tQtKA9WIAhBF3+VLAseyMqZeBjW0AHJoxOtYqSUZNJxauErmLbVm2FW1y+J/YA9dUrAC39ITejlZWhVIwawkKw==",
            "requires": {
                "core-util-is": "~1.0.0",
                "inherits": "~2.0.3",
                "isarray": "~1.0.0",
                "process-nextick-args": "~2.0.0",
                "safe-buffer": "~5.1.1",
                "string_decoder": "~1.1.1",
                "util-deprecate": "~1.0.1"
            }
        },
        "regenerator-runtime": {
            "version": "0.11.1",
            "resolved": "https://registry.npmjs.org/regenerator-runtime/-/regenerator-runtime-0.11.1.tgz",
            "integrity": "sha512-MguG95oij0fC3QV3URf4V2SDYGJhJnJGqvIIgdECeODCT98wSWDAJ94SSuVpYQUoTcGUIL6L4yNB7j1DFFHSBg=="
        },
        "remove-trailing-separator": {
            "version": "1.1.0",
            "resolved": "https://registry.npmjs.org/remove-trailing-separator/-/remove-trailing-separator-1.1.0.tgz",
            "integrity": "sha1-wkvOKig62tW8P1jg1IJJuSN52O8="
        },
        "replace-ext": {
            "version": "1.0.0",
            "resolved": "https://registry.npmjs.org/replace-ext/-/replace-ext-1.0.0.tgz",
            "integrity": "sha1-3mMSg3P8v3w8z6TeWkgMRaZ5WOs="
        },
        "require-dir": {
            "version": "1.2.0",
            "resolved": "https://registry.npmjs.org/require-dir/-/require-dir-1.2.0.tgz",
            "integrity": "sha512-LY85DTSu+heYgDqq/mK+7zFHWkttVNRXC9NKcKGyuGLdlsfbjEPrIEYdCVrx6hqnJb+xSu3Lzaoo8VnmOhhjNA=="
        },
        "safe-buffer": {
            "version": "5.1.2",
            "resolved": "https://registry.npmjs.org/safe-buffer/-/safe-buffer-5.1.2.tgz",
            "integrity": "sha512-Gd2UZBJDkXlY7GbJxfsE8/nvKkUEU1G38c1siN6QP6a9PT9MmHB8GnpscSmMJSoF8LOIrt8ud/wPtojys4G6+g=="
        },
        "spawn-args": {
            "version": "0.2.0",
            "resolved": "https://registry.npmjs.org/spawn-args/-/spawn-args-0.2.0.tgz",
            "integrity": "sha1-+30L0dcP1DFr2ePew4nmX51jYbs="
        },
        "string_decoder": {
            "version": "1.1.1",
            "resolved": "https://registry.npmjs.org/string_decoder/-/string_decoder-1.1.1.tgz",
            "integrity": "sha512-n/ShnvDi6FHbbVfviro+WojiFzv+s8MPMHBczVePfUpDJLwoLT0ht1l4YwBCbi8pJAveEEdnkHyPyTP/mzRfwg==",
            "requires": {
                "safe-buffer": "~5.1.0"
            }
        },
        "strip-bom-buf": {
            "version": "1.0.0",
            "resolved": "https://registry.npmjs.org/strip-bom-buf/-/strip-bom-buf-1.0.0.tgz",
            "integrity": "sha1-HLRar1dTD0yvhsf3UXnSyaUd1XI=",
            "requires": {
                "is-utf8": "^0.2.1"
            }
        },
        "strip-bom-stream": {
            "version": "3.0.0",
            "resolved": "https://registry.npmjs.org/strip-bom-stream/-/strip-bom-stream-3.0.0.tgz",
            "integrity": "sha1-lWvMXYRDD2klapDtgjdlzYWOFZw=",
            "requires": {
                "first-chunk-stream": "^2.0.0",
                "strip-bom-buf": "^1.0.0"
            }
        },
        "tar": {
            "version": "5.0.5",
            "resolved": "https://registry.npmjs.org/tar/-/tar-5.0.5.tgz",
            "integrity": "sha512-MNIgJddrV2TkuwChwcSNds/5E9VijOiw7kAc1y5hTNJoLDSuIyid2QtLYiCYNnICebpuvjhPQZsXwUL0O3l7OQ==",
            "requires": {
                "chownr": "^1.1.3",
                "fs-minipass": "^2.0.0",
                "minipass": "^3.0.0",
                "minizlib": "^2.1.0",
                "mkdirp": "^0.5.0",
                "yallist": "^4.0.0"
            },
            "dependencies": {
                "yallist": {
                    "version": "4.0.0",
                    "resolved": "https://registry.npmjs.org/yallist/-/yallist-4.0.0.tgz",
                    "integrity": "sha512-3wdGidZyq5PB084XLES5TpOSRA3wjXAlIWMhum2kRcv/41Sn2emQ0dycQW4uZXLejwKvg6EsvbdlVL+FYEct7A=="
                }
            }
        },
        "through2": {
            "version": "2.0.5",
            "resolved": "https://registry.npmjs.org/through2/-/through2-2.0.5.tgz",
            "integrity": "sha512-/mrRod8xqpA+IHSLyGCQ2s8SPHiCDEeQJSep1jqLYeEUClOFG2Qsh+4FU6G9VeqpZnGW/Su8LQGc4YKni5rYSQ==",
            "requires": {
                "readable-stream": "~2.3.6",
                "xtend": "~4.0.1"
            }
        },
        "time-stamp": {
            "version": "1.1.0",
            "resolved": "https://registry.npmjs.org/time-stamp/-/time-stamp-1.1.0.tgz",
            "integrity": "sha1-dkpaEa9QVhkhsTPztE5hhofg9cM="
        },
        "timeout-as-promise": {
            "version": "1.0.0",
            "resolved": "https://registry.npmjs.org/timeout-as-promise/-/timeout-as-promise-1.0.0.tgz",
            "integrity": "sha1-c2foEfyZKs/Nzaq/LlDfr4shV28="
        },
        "util-deprecate": {
            "version": "1.0.2",
            "resolved": "https://registry.npmjs.org/util-deprecate/-/util-deprecate-1.0.2.tgz",
            "integrity": "sha1-RQ1Nyfpw3nMnYvvS1KKJgUGaDM8="
        },
        "vinyl": {
            "version": "2.2.0",
            "resolved": "https://registry.npmjs.org/vinyl/-/vinyl-2.2.0.tgz",
            "integrity": "sha512-MBH+yP0kC/GQ5GwBqrTPTzEfiiLjta7hTtvQtbxBgTeSXsmKQRQecjibMbxIXzVT3Y9KJK+drOz1/k+vsu8Nkg==",
            "requires": {
                "clone": "^2.1.1",
                "clone-buffer": "^1.0.0",
                "clone-stats": "^1.0.0",
                "cloneable-readable": "^1.0.0",
                "remove-trailing-separator": "^1.0.1",
                "replace-ext": "^1.0.0"
            }
        },
        "which": {
            "version": "1.3.1",
            "resolved": "https://registry.npmjs.org/which/-/which-1.3.1.tgz",
            "integrity": "sha512-HxJdYWq1MTIQbJ3nw0cqssHoTNU267KlrDuGZ1WYlxDStUtKUhOaJmh112/TZmHxxUfuJqPXSOm7tDyas0OSIQ==",
            "requires": {
                "isexe": "^2.0.0"
            }
        },
        "xtend": {
            "version": "4.0.2",
            "resolved": "https://registry.npmjs.org/xtend/-/xtend-4.0.2.tgz",
            "integrity": "sha512-LKYU1iAXJXUgAXn9URjiu+MWhyUXHsvfp7mcuYm9dSUKK0/CjtrUwFAxD82/mCWbtLsGjFIad0wIsod4zrTAEQ=="
        },
        "yallist": {
            "version": "2.1.2",
            "resolved": "https://registry.npmjs.org/yallist/-/yallist-2.1.2.tgz",
            "integrity": "sha1-HBH5IY8HYImkfdUS+TxmmaaoHVI="
        }
    }
}
